
Microsoft Visual Studio Solution File, Format Version 12.00
# Visual Studio 15
VisualStudioVersion = 15.0.28010.2046
MinimumVisualStudioVersion = 10.0.40219.1
Project("{9A19103F-16F7-4668-BE54-9A1E7A4F7556}") = "BinarySearching", "BinarySearching.csproj", "{2B5B2D13-17E4-4F64-9E67-B9E0BF7A7423}"
EndProject
Project("{FAE04EC0-301F-11D3-BF4B-00C04F79EFBC}") = "BinarySearching.Test", "..\BInarySearch.Test\BinarySearching.Test.csproj", "{8B500F49-0C9C-4FE2-9399-FF1161E2A679}"
EndProject
Global
	GlobalSection(SolutionConfigurationPlatforms) = preSolution
		Debug|Any CPU = Debug|Any CPU
		Release|Any CPU = Release|Any CPU
	EndGlobalSection
	GlobalSection(ProjectConfigurationPlatforms) = postSolution
		{2B5B2D13-17E4-4F64-9E67-B9E0BF7A7423}.Debug|Any CPU.ActiveCfg = Debug|Any CPU
		{2B5B2D13-17E4-4F64-9E67-B9E0BF7A7423}.Debug|Any CPU.Build.0 = Debug|Any CPU
		{2B5B2D13-17E4-4F64-9E67-B9E0BF7A7423}.Release|Any CPU.ActiveCfg = Release|Any CPU
		{2B5B2D13-17E4-4F64-9E67-B9E0BF7A7423}.Release|Any CPU.Build.0 = Release|Any CPU
		{8B500F49-0C9C-4FE2-9399-FF1161E2A679}.Debug|Any CPU.ActiveCfg = Debug|Any CPU
		{8B500F49-0C9C-4FE2-9399-FF1161E2A679}.Debug|Any CPU.Build.0 = Debug|Any CPU
		{8B500F49-0C9C-4FE2-9399-FF1161E2A679}.Release|Any CPU.ActiveCfg = Release|Any CPU
		{8B500F49-0C9C-4FE2-9399-FF1161E2A679}.Release|Any CPU.Build.0 = Release|Any CPU
	EndGlobalSection
	GlobalSection(SolutionProperties) = preSolution
		HideSolutionNode = FALSE
	EndGlobalSection
	GlobalSection(ExtensibilityGlobals) = postSolution
		SolutionGuid = {C0E9C68B-38E0-4E88-8CC7-1B9E742D4B40}
	EndGlobalSection
EndGlobal
